
Microsoft Visual Studio Solution File, Format Version 12.00
# Visual Studio 15
VisualStudioVersion = 15.0.28307.168
MinimumVisualStudioVersion = 10.0.40219.1
Project("{9A19103F-16F7-4668-BE54-9A1E7A4F7556}") = "Basket.Api", "Services\Basket\Basket.Api\Basket.Api.csproj", "{790AD928-6F7F-431B-AB1F-C57991F2016B}"
EndProject
Project("{2150E333-8FDC-42A3-9474-1A3956D46DE8}") = "Services", "Services", "{A588AF96-1AAD-4360-A6EF-2EE98A193B86}"
EndProject
Project("{2150E333-8FDC-42A3-9474-1A3956D46DE8}") = "Basket", "Basket", "{4ACE1DB4-AA3D-4C83-A13E-5612BC01A4A6}"
EndProject
Project("{2150E333-8FDC-42A3-9474-1A3956D46DE8}") = "Gateways", "Gateways", "{22C3E623-17E4-4DB1-AADD-D13ACFC9BFF4}"
EndProject
Project("{9A19103F-16F7-4668-BE54-9A1E7A4F7556}") = "Basket.UnitTests", "Services\Basket\Basket.UnitTests\Basket.UnitTests.csproj", "{0F412D85-532B-4BA0-93BD-393E1BCD3A7F}"
EndProject
Project("{9A19103F-16F7-4668-BE54-9A1E7A4F7556}") = "Basket.FunctionalTests", "Services\Basket\Basket.FunctionalTests\Basket.FunctionalTests.csproj", "{DC395E4C-297D-495C-AD55-9486CE1C9900}"
EndProject
Project("{2150E333-8FDC-42A3-9474-1A3956D46DE8}") = "Catalog", "Catalog", "{C0EFE27C-7EA5-4AB3-A29A-AFB7780144EF}"
EndProject
Project("{9A19103F-16F7-4668-BE54-9A1E7A4F7556}") = "Catalog.Api", "Services\Catalog\Catalog.Api\Catalog.Api.csproj", "{933D352E-C857-4B45-90DB-B4B6C8BD34F8}"
EndProject
Project("{9A19103F-16F7-4668-BE54-9A1E7A4F7556}") = "Catalog.UnitTests", "Services\Catalog\Catalog.UnitTests\Catalog.UnitTests.csproj", "{01F6DE84-795D-4181-A6EA-BF702B4D11F0}"
EndProject
Project("{9A19103F-16F7-4668-BE54-9A1E7A4F7556}") = "Catalog.FunctionalTests", "Services\Catalog\Catalog.FunctionalTests\Catalog.FunctionalTests.csproj", "{C7E463D5-93D0-4F2C-B16F-F1F4A2283013}"
EndProject
Project("{2150E333-8FDC-42A3-9474-1A3956D46DE8}") = "Desktop", "Desktop", "{5A874F75-DF6E-4EDE-8AE1-5BAA05DE9893}"
EndProject
Project("{2150E333-8FDC-42A3-9474-1A3956D46DE8}") = "Mobile", "Mobile", "{B8628D4C-73D4-4A3E-88CE-59E44EB627F7}"
EndProject
Project("{9A19103F-16F7-4668-BE54-9A1E7A4F7556}") = "Desktop.Api", "Gateways\Desktop\Desktop.Api\Desktop.Api.csproj", "{6A470C5D-1FF5-440A-9533-97210269B822}"
EndProject
Project("{FAE04EC0-301F-11D3-BF4B-00C04F79EFBC}") = "Mobile.Api", "Gateways\Mobile\Mobile.Api\Mobile.Api.csproj", "{46694D7B-0F8D-4C2D-AB0B-8C1845F9A27C}"
EndProject
Global
	GlobalSection(SolutionConfigurationPlatforms) = preSolution
		Debug|Any CPU = Debug|Any CPU
		Release|Any CPU = Release|Any CPU
	EndGlobalSection
	GlobalSection(ProjectConfigurationPlatforms) = postSolution
		{790AD928-6F7F-431B-AB1F-C57991F2016B}.Debug|Any CPU.ActiveCfg = Debug|Any CPU
		{790AD928-6F7F-431B-AB1F-C57991F2016B}.Debug|Any CPU.Build.0 = Debug|Any CPU
		{790AD928-6F7F-431B-AB1F-C57991F2016B}.Release|Any CPU.ActiveCfg = Release|Any CPU
		{790AD928-6F7F-431B-AB1F-C57991F2016B}.Release|Any CPU.Build.0 = Release|Any CPU
		{0F412D85-532B-4BA0-93BD-393E1BCD3A7F}.Debug|Any CPU.ActiveCfg = Debug|Any CPU
		{0F412D85-532B-4BA0-93BD-393E1BCD3A7F}.Debug|Any CPU.Build.0 = Debug|Any CPU
		{0F412D85-532B-4BA0-93BD-393E1BCD3A7F}.Release|Any CPU.ActiveCfg = Release|Any CPU
		{0F412D85-532B-4BA0-93BD-393E1BCD3A7F}.Release|Any CPU.Build.0 = Release|Any CPU
		{DC395E4C-297D-495C-AD55-9486CE1C9900}.Debug|Any CPU.ActiveCfg = Debug|Any CPU
		{DC395E4C-297D-495C-AD55-9486CE1C9900}.Debug|Any CPU.Build.0 = Debug|Any CPU
		{DC395E4C-297D-495C-AD55-9486CE1C9900}.Release|Any CPU.ActiveCfg = Release|Any CPU
		{DC395E4C-297D-495C-AD55-9486CE1C9900}.Release|Any CPU.Build.0 = Release|Any CPU
		{933D352E-C857-4B45-90DB-B4B6C8BD34F8}.Debug|Any CPU.ActiveCfg = Debug|Any CPU
		{933D352E-C857-4B45-90DB-B4B6C8BD34F8}.Debug|Any CPU.Build.0 = Debug|Any CPU
		{933D352E-C857-4B45-90DB-B4B6C8BD34F8}.Release|Any CPU.ActiveCfg = Release|Any CPU
		{933D352E-C857-4B45-90DB-B4B6C8BD34F8}.Release|Any CPU.Build.0 = Release|Any CPU
		{01F6DE84-795D-4181-A6EA-BF702B4D11F0}.Debug|Any CPU.ActiveCfg = Debug|Any CPU
		{01F6DE84-795D-4181-A6EA-BF702B4D11F0}.Debug|Any CPU.Build.0 = Debug|Any CPU
		{01F6DE84-795D-4181-A6EA-BF702B4D11F0}.Release|Any CPU.ActiveCfg = Release|Any CPU
		{01F6DE84-795D-4181-A6EA-BF702B4D11F0}.Release|Any CPU.Build.0 = Release|Any CPU
		{C7E463D5-93D0-4F2C-B16F-F1F4A2283013}.Debug|Any CPU.ActiveCfg = Debug|Any CPU
		{C7E463D5-93D0-4F2C-B16F-F1F4A2283013}.Debug|Any CPU.Build.0 = Debug|Any CPU
		{C7E463D5-93D0-4F2C-B16F-F1F4A2283013}.Release|Any CPU.ActiveCfg = Release|Any CPU
		{C7E463D5-93D0-4F2C-B16F-F1F4A2283013}.Release|Any CPU.Build.0 = Release|Any CPU
		{6A470C5D-1FF5-440A-9533-97210269B822}.Debug|Any CPU.ActiveCfg = Debug|Any CPU
		{6A470C5D-1FF5-440A-9533-97210269B822}.Debug|Any CPU.Build.0 = Debug|Any CPU
		{6A470C5D-1FF5-440A-9533-97210269B822}.Release|Any CPU.ActiveCfg = Release|Any CPU
		{6A470C5D-1FF5-440A-9533-97210269B822}.Release|Any CPU.Build.0 = Release|Any CPU
		{46694D7B-0F8D-4C2D-AB0B-8C1845F9A27C}.Debug|Any CPU.ActiveCfg = Debug|Any CPU
		{46694D7B-0F8D-4C2D-AB0B-8C1845F9A27C}.Debug|Any CPU.Build.0 = Debug|Any CPU
		{46694D7B-0F8D-4C2D-AB0B-8C1845F9A27C}.Release|Any CPU.ActiveCfg = Release|Any CPU
		{46694D7B-0F8D-4C2D-AB0B-8C1845F9A27C}.Release|Any CPU.Build.0 = Release|Any CPU
	EndGlobalSection
	GlobalSection(SolutionProperties) = preSolution
		HideSolutionNode = FALSE
	EndGlobalSection
	GlobalSection(NestedProjects) = preSolution
		{790AD928-6F7F-431B-AB1F-C57991F2016B} = {4ACE1DB4-AA3D-4C83-A13E-5612BC01A4A6}
		{4ACE1DB4-AA3D-4C83-A13E-5612BC01A4A6} = {A588AF96-1AAD-4360-A6EF-2EE98A193B86}
		{0F412D85-532B-4BA0-93BD-393E1BCD3A7F} = {4ACE1DB4-AA3D-4C83-A13E-5612BC01A4A6}
		{DC395E4C-297D-495C-AD55-9486CE1C9900} = {4ACE1DB4-AA3D-4C83-A13E-5612BC01A4A6}
		{C0EFE27C-7EA5-4AB3-A29A-AFB7780144EF} = {A588AF96-1AAD-4360-A6EF-2EE98A193B86}
		{933D352E-C857-4B45-90DB-B4B6C8BD34F8} = {C0EFE27C-7EA5-4AB3-A29A-AFB7780144EF}
		{01F6DE84-795D-4181-A6EA-BF702B4D11F0} = {C0EFE27C-7EA5-4AB3-A29A-AFB7780144EF}
		{C7E463D5-93D0-4F2C-B16F-F1F4A2283013} = {C0EFE27C-7EA5-4AB3-A29A-AFB7780144EF}
		{5A874F75-DF6E-4EDE-8AE1-5BAA05DE9893} = {22C3E623-17E4-4DB1-AADD-D13ACFC9BFF4}
		{B8628D4C-73D4-4A3E-88CE-59E44EB627F7} = {22C3E623-17E4-4DB1-AADD-D13ACFC9BFF4}
		{6A470C5D-1FF5-440A-9533-97210269B822} = {5A874F75-DF6E-4EDE-8AE1-5BAA05DE9893}
		{46694D7B-0F8D-4C2D-AB0B-8C1845F9A27C} = {B8628D4C-73D4-4A3E-88CE-59E44EB627F7}
	EndGlobalSection
	GlobalSection(ExtensibilityGlobals) = postSolution
		SolutionGuid = {E489D9C7-E84B-4700-BFA3-9E053092240F}
	EndGlobalSection
EndGlobal
